<?xml version="1.0" encoding="utf-8"?>
<Project ToolsVersion="17.0" xmlns="http://schemas.microsoft.com/developer/msbuild/2003">
  <ItemGroup>
    <ClCompile Include="D:\music\livengine\3rd\SDL\src\libm\e_atan2.c">
      <Filter>Source Files</Filter>
    </ClCompile>
    <ClCompile Include="D:\music\livengine\3rd\SDL\src\libm\e_exp.c">
      <Filter>Source Files</Filter>
    </ClCompile>
    <ClCompile Include="D:\music\livengine\3rd\SDL\src\libm\e_fmod.c">
      <Filter>Source Files</Filter>
    </ClCompile>
    <ClCompile Include="D:\music\livengine\3rd\SDL\src\libm\e_log.c">
      <Filter>Source Files</Filter>
    </ClCompile>
    <ClCompile Include="D:\music\livengine\3rd\SDL\src\libm\e_log10.c">
      <Filter>Source Files</Filter>
    </ClCompile>
    <ClCompile Include="D:\music\livengine\3rd\SDL\src\libm\e_pow.c">
      <Filter>Source Files</Filter>
    </ClCompile>
    <ClCompile Include="D:\music\livengine\3rd\SDL\src\libm\e_rem_pio2.c">
      <Filter>Source Files</Filter>
    </ClCompile>
    <ClCompile Include="D:\music\livengine\3rd\SDL\src\libm\e_sqrt.c">
      <Filter>Source Files</Filter>
    </ClCompile>
    <ClCompile Include="D:\music\livengine\3rd\SDL\src\libm\k_cos.c">
      <Filter>Source Files</Filter>
    </ClCompile>
    <ClCompile Include="D:\music\livengine\3rd\SDL\src\libm\k_rem_pio2.c">
      <Filter>Source Files</Filter>
    </ClCompile>
    <ClCompile Include="D:\music\livengine\3rd\SDL\src\libm\k_sin.c">
      <Filter>Source Files</Filter>
    </ClCompile>
    <ClCompile Include="D:\music\livengine\3rd\SDL\src\libm\k_tan.c">
      <Filter>Source Files</Filter>
    </ClCompile>
    <ClCompile Include="D:\music\livengine\3rd\SDL\src\libm\s_atan.c">
      <Filter>Source Files</Filter>
    </ClCompile>
    <ClCompile Include="D:\music\livengine\3rd\SDL\src\libm\s_copysign.c">
      <Filter>Source Files</Filter>
    </ClCompile>
    <ClCompile Include="D:\music\livengine\3rd\SDL\src\libm\s_cos.c">
      <Filter>Source Files</Filter>
    </ClCompile>
    <ClCompile Include="D:\music\livengine\3rd\SDL\src\libm\s_fabs.c">
      <Filter>Source Files</Filter>
    </ClCompile>
    <ClCompile Include="D:\music\livengine\3rd\SDL\src\libm\s_floor.c">
      <Filter>Source Files</Filter>
    </ClCompile>
    <ClCompile Include="D:\music\livengine\3rd\SDL\src\libm\s_isinf.c">
      <Filter>Source Files</Filter>
    </ClCompile>
    <ClCompile Include="D:\music\livengine\3rd\SDL\src\libm\s_isinff.c">
      <Filter>Source Files</Filter>
    </ClCompile>
    <ClCompile Include="D:\music\livengine\3rd\SDL\src\libm\s_isnan.c">
      <Filter>Source Files</Filter>
    </ClCompile>
    <ClCompile Include="D:\music\livengine\3rd\SDL\src\libm\s_isnanf.c">
      <Filter>Source Files</Filter>
    </ClCompile>
    <ClCompile Include="D:\music\livengine\3rd\SDL\src\libm\s_modf.c">
      <Filter>Source Files</Filter>
    </ClCompile>
    <ClCompile Include="D:\music\livengine\3rd\SDL\src\libm\s_scalbn.c">
      <Filter>Source Files</Filter>
    </ClCompile>
    <ClCompile Include="D:\music\livengine\3rd\SDL\src\libm\s_sin.c">
      <Filter>Source Files</Filter>
    </ClCompile>
    <ClCompile Include="D:\music\livengine\3rd\SDL\src\libm\s_tan.c">
      <Filter>Source Files</Filter>
    </ClCompile>
  </ItemGroup>
  <ItemGroup>
    <CustomBuild Include="D:\music\livengine\3rd\SDL\CMakeLists.txt" />
  </ItemGroup>
  <ItemGroup>
    <Filter Include="Source Files">
      <UniqueIdentifier>{80AE2DF3-A6A5-345E-A2E9-EB3F453CC075}</UniqueIdentifier>
    </Filter>
  </ItemGroup>
</Project>
