
Microsoft Visual Studio Solution File, Format Version 12.00
# Visual Studio Version 17
Project("{8BC9CEB8-8B4A-11D0-8D11-00A0C91BC942}") = "ALL_BUILD", "ALL_BUILD.vcxproj", "{65A8BB23-205C-3764-B73C-B254CF5B7A20}"
	ProjectSection(ProjectDependencies) = postProject
		{5EC76284-638E-390F-8A01-B572E4768B3A} = {5EC76284-638E-390F-8A01-B572E4768B3A}
		{DBF655D7-A263-3F5A-81BC-BC420F00B0D8} = {DBF655D7-A263-3F5A-81BC-BC420F00B0D8}
		{7D864591-2B9B-3880-A494-12A58BFF8DD2} = {7D864591-2B9B-3880-A494-12A58BFF8DD2}
		{29EB1041-00FD-3AA0-8C7E-4FBDEF31F9C4} = {29EB1041-00FD-3AA0-8C7E-4FBDEF31F9C4}
		{45F42971-6CB4-3A13-AE0E-799FD0C557F9} = {45F42971-6CB4-3A13-AE0E-799FD0C557F9}
		{E60A0599-8E3D-3DFD-B273-1415CC73759C} = {E60A0599-8E3D-3DFD-B273-1415CC73759C}
		{39C6D7A0-985C-36C6-9A80-22D52C147EF8} = {39C6D7A0-985C-36C6-9A80-22D52C147EF8}
		{A1072C71-2EE6-33FA-AFD9-EDCCFDC99BF3} = {A1072C71-2EE6-33FA-AFD9-EDCCFDC99BF3}
		{16D15E9E-BC3C-361E-BD07-31BC0046AF27} = {16D15E9E-BC3C-361E-BD07-31BC0046AF27}
	EndProjectSection
EndProject
Project("{FAE04EC0-301F-11D3-BF4B-00C04F79EFBC}") = "AsposeXlsTest", "AsposeXlsTest.csproj", "{5EC76284-638E-390F-8A01-B572E4768B3A}"
	ProjectSection(ProjectDependencies) = postProject
		{A1072C71-2EE6-33FA-AFD9-EDCCFDC99BF3} = {A1072C71-2EE6-33FA-AFD9-EDCCFDC99BF3}
	EndProjectSection
EndProject
Project("{FAE04EC0-301F-11D3-BF4B-00C04F79EFBC}") = "Livlib", "Livlib.csproj", "{DBF655D7-A263-3F5A-81BC-BC420F00B0D8}"
	ProjectSection(ProjectDependencies) = postProject
		{A1072C71-2EE6-33FA-AFD9-EDCCFDC99BF3} = {A1072C71-2EE6-33FA-AFD9-EDCCFDC99BF3}
	EndProjectSection
EndProject
Project("{8BC9CEB8-8B4A-11D0-8D11-00A0C91BC942}") = "SDL3-shared", "3rd\SDL\SDL3-shared.vcxproj", "{7D864591-2B9B-3880-A494-12A58BFF8DD2}"
	ProjectSection(ProjectDependencies) = postProject
		{29EB1041-00FD-3AA0-8C7E-4FBDEF31F9C4} = {29EB1041-00FD-3AA0-8C7E-4FBDEF31F9C4}
		{A1072C71-2EE6-33FA-AFD9-EDCCFDC99BF3} = {A1072C71-2EE6-33FA-AFD9-EDCCFDC99BF3}
	EndProjectSection
EndProject
Project("{8BC9CEB8-8B4A-11D0-8D11-00A0C91BC942}") = "SDL_uclibc", "3rd\SDL\SDL_uclibc.vcxproj", "{29EB1041-00FD-3AA0-8C7E-4FBDEF31F9C4}"
	ProjectSection(ProjectDependencies) = postProject
		{A1072C71-2EE6-33FA-AFD9-EDCCFDC99BF3} = {A1072C71-2EE6-33FA-AFD9-EDCCFDC99BF3}
	EndProjectSection
EndProject
Project("{FAE04EC0-301F-11D3-BF4B-00C04F79EFBC}") = "SpireXlsTest", "SpireXlsTest.csproj", "{45F42971-6CB4-3A13-AE0E-799FD0C557F9}"
	ProjectSection(ProjectDependencies) = postProject
		{A1072C71-2EE6-33FA-AFD9-EDCCFDC99BF3} = {A1072C71-2EE6-33FA-AFD9-EDCCFDC99BF3}
	EndProjectSection
EndProject
Project("{FAE04EC0-301F-11D3-BF4B-00C04F79EFBC}") = "Test1", "Test1.csproj", "{E60A0599-8E3D-3DFD-B273-1415CC73759C}"
	ProjectSection(ProjectDependencies) = postProject
		{DBF655D7-A263-3F5A-81BC-BC420F00B0D8} = {DBF655D7-A263-3F5A-81BC-BC420F00B0D8}
		{A1072C71-2EE6-33FA-AFD9-EDCCFDC99BF3} = {A1072C71-2EE6-33FA-AFD9-EDCCFDC99BF3}
	EndProjectSection
EndProject
Project("{FAE04EC0-301F-11D3-BF4B-00C04F79EFBC}") = "Test2", "Test2.csproj", "{39C6D7A0-985C-36C6-9A80-22D52C147EF8}"
	ProjectSection(ProjectDependencies) = postProject
		{DBF655D7-A263-3F5A-81BC-BC420F00B0D8} = {DBF655D7-A263-3F5A-81BC-BC420F00B0D8}
		{A1072C71-2EE6-33FA-AFD9-EDCCFDC99BF3} = {A1072C71-2EE6-33FA-AFD9-EDCCFDC99BF3}
	EndProjectSection
EndProject
Project("{8BC9CEB8-8B4A-11D0-8D11-00A0C91BC942}") = "ZERO_CHECK", "ZERO_CHECK.vcxproj", "{A1072C71-2EE6-33FA-AFD9-EDCCFDC99BF3}"
	ProjectSection(ProjectDependencies) = postProject
	EndProjectSection
EndProject
Project("{8BC9CEB8-8B4A-11D0-8D11-00A0C91BC942}") = "livnet", "livnet\livnet.vcxproj", "{16D15E9E-BC3C-361E-BD07-31BC0046AF27}"
	ProjectSection(ProjectDependencies) = postProject
		{7D864591-2B9B-3880-A494-12A58BFF8DD2} = {7D864591-2B9B-3880-A494-12A58BFF8DD2}
		{A1072C71-2EE6-33FA-AFD9-EDCCFDC99BF3} = {A1072C71-2EE6-33FA-AFD9-EDCCFDC99BF3}
	EndProjectSection
EndProject
Global
	GlobalSection(SolutionConfigurationPlatforms) = preSolution
		Debug|x64 = Debug|x64
		Release|x64 = Release|x64
		MinSizeRel|x64 = MinSizeRel|x64
		RelWithDebInfo|x64 = RelWithDebInfo|x64
	EndGlobalSection
	GlobalSection(ProjectConfigurationPlatforms) = postSolution
		{65A8BB23-205C-3764-B73C-B254CF5B7A20}.Debug|x64.ActiveCfg = Debug|x64
		{65A8BB23-205C-3764-B73C-B254CF5B7A20}.Release|x64.ActiveCfg = Release|x64
		{65A8BB23-205C-3764-B73C-B254CF5B7A20}.MinSizeRel|x64.ActiveCfg = MinSizeRel|x64
		{65A8BB23-205C-3764-B73C-B254CF5B7A20}.RelWithDebInfo|x64.ActiveCfg = RelWithDebInfo|x64
		{5EC76284-638E-390F-8A01-B572E4768B3A}.Debug|x64.ActiveCfg = Debug|x64
		{5EC76284-638E-390F-8A01-B572E4768B3A}.Debug|x64.Build.0 = Debug|x64
		{5EC76284-638E-390F-8A01-B572E4768B3A}.Release|x64.ActiveCfg = Release|x64
		{5EC76284-638E-390F-8A01-B572E4768B3A}.Release|x64.Build.0 = Release|x64
		{5EC76284-638E-390F-8A01-B572E4768B3A}.MinSizeRel|x64.ActiveCfg = MinSizeRel|x64
		{5EC76284-638E-390F-8A01-B572E4768B3A}.MinSizeRel|x64.Build.0 = MinSizeRel|x64
		{5EC76284-638E-390F-8A01-B572E4768B3A}.RelWithDebInfo|x64.ActiveCfg = RelWithDebInfo|x64
		{5EC76284-638E-390F-8A01-B572E4768B3A}.RelWithDebInfo|x64.Build.0 = RelWithDebInfo|x64
		{DBF655D7-A263-3F5A-81BC-BC420F00B0D8}.Debug|x64.ActiveCfg = Debug|x64
		{DBF655D7-A263-3F5A-81BC-BC420F00B0D8}.Debug|x64.Build.0 = Debug|x64
		{DBF655D7-A263-3F5A-81BC-BC420F00B0D8}.Release|x64.ActiveCfg = Release|x64
		{DBF655D7-A263-3F5A-81BC-BC420F00B0D8}.Release|x64.Build.0 = Release|x64
		{DBF655D7-A263-3F5A-81BC-BC420F00B0D8}.MinSizeRel|x64.ActiveCfg = MinSizeRel|x64
		{DBF655D7-A263-3F5A-81BC-BC420F00B0D8}.MinSizeRel|x64.Build.0 = MinSizeRel|x64
		{DBF655D7-A263-3F5A-81BC-BC420F00B0D8}.RelWithDebInfo|x64.ActiveCfg = RelWithDebInfo|x64
		{DBF655D7-A263-3F5A-81BC-BC420F00B0D8}.RelWithDebInfo|x64.Build.0 = RelWithDebInfo|x64
		{7D864591-2B9B-3880-A494-12A58BFF8DD2}.Debug|x64.ActiveCfg = Debug|x64
		{7D864591-2B9B-3880-A494-12A58BFF8DD2}.Debug|x64.Build.0 = Debug|x64
		{7D864591-2B9B-3880-A494-12A58BFF8DD2}.Release|x64.ActiveCfg = Release|x64
		{7D864591-2B9B-3880-A494-12A58BFF8DD2}.Release|x64.Build.0 = Release|x64
		{7D864591-2B9B-3880-A494-12A58BFF8DD2}.MinSizeRel|x64.ActiveCfg = MinSizeRel|x64
		{7D864591-2B9B-3880-A494-12A58BFF8DD2}.MinSizeRel|x64.Build.0 = MinSizeRel|x64
		{7D864591-2B9B-3880-A494-12A58BFF8DD2}.RelWithDebInfo|x64.ActiveCfg = RelWithDebInfo|x64
		{7D864591-2B9B-3880-A494-12A58BFF8DD2}.RelWithDebInfo|x64.Build.0 = RelWithDebInfo|x64
		{29EB1041-00FD-3AA0-8C7E-4FBDEF31F9C4}.Debug|x64.ActiveCfg = Debug|x64
		{29EB1041-00FD-3AA0-8C7E-4FBDEF31F9C4}.Debug|x64.Build.0 = Debug|x64
		{29EB1041-00FD-3AA0-8C7E-4FBDEF31F9C4}.Release|x64.ActiveCfg = Release|x64
		{29EB1041-00FD-3AA0-8C7E-4FBDEF31F9C4}.Release|x64.Build.0 = Release|x64
		{29EB1041-00FD-3AA0-8C7E-4FBDEF31F9C4}.MinSizeRel|x64.ActiveCfg = MinSizeRel|x64
		{29EB1041-00FD-3AA0-8C7E-4FBDEF31F9C4}.MinSizeRel|x64.Build.0 = MinSizeRel|x64
		{29EB1041-00FD-3AA0-8C7E-4FBDEF31F9C4}.RelWithDebInfo|x64.ActiveCfg = RelWithDebInfo|x64
		{29EB1041-00FD-3AA0-8C7E-4FBDEF31F9C4}.RelWithDebInfo|x64.Build.0 = RelWithDebInfo|x64
		{45F42971-6CB4-3A13-AE0E-799FD0C557F9}.Debug|x64.ActiveCfg = Debug|x64
		{45F42971-6CB4-3A13-AE0E-799FD0C557F9}.Debug|x64.Build.0 = Debug|x64
		{45F42971-6CB4-3A13-AE0E-799FD0C557F9}.Release|x64.ActiveCfg = Release|x64
		{45F42971-6CB4-3A13-AE0E-799FD0C557F9}.Release|x64.Build.0 = Release|x64
		{45F42971-6CB4-3A13-AE0E-799FD0C557F9}.MinSizeRel|x64.ActiveCfg = MinSizeRel|x64
		{45F42971-6CB4-3A13-AE0E-799FD0C557F9}.MinSizeRel|x64.Build.0 = MinSizeRel|x64
		{45F42971-6CB4-3A13-AE0E-799FD0C557F9}.RelWithDebInfo|x64.ActiveCfg = RelWithDebInfo|x64
		{45F42971-6CB4-3A13-AE0E-799FD0C557F9}.RelWithDebInfo|x64.Build.0 = RelWithDebInfo|x64
		{E60A0599-8E3D-3DFD-B273-1415CC73759C}.Debug|x64.ActiveCfg = Debug|x64
		{E60A0599-8E3D-3DFD-B273-1415CC73759C}.Debug|x64.Build.0 = Debug|x64
		{E60A0599-8E3D-3DFD-B273-1415CC73759C}.Release|x64.ActiveCfg = Release|x64
		{E60A0599-8E3D-3DFD-B273-1415CC73759C}.Release|x64.Build.0 = Release|x64
		{E60A0599-8E3D-3DFD-B273-1415CC73759C}.MinSizeRel|x64.ActiveCfg = MinSizeRel|x64
		{E60A0599-8E3D-3DFD-B273-1415CC73759C}.MinSizeRel|x64.Build.0 = MinSizeRel|x64
		{E60A0599-8E3D-3DFD-B273-1415CC73759C}.RelWithDebInfo|x64.ActiveCfg = RelWithDebInfo|x64
		{E60A0599-8E3D-3DFD-B273-1415CC73759C}.RelWithDebInfo|x64.Build.0 = RelWithDebInfo|x64
		{39C6D7A0-985C-36C6-9A80-22D52C147EF8}.Debug|x64.ActiveCfg = Debug|x64
		{39C6D7A0-985C-36C6-9A80-22D52C147EF8}.Debug|x64.Build.0 = Debug|x64
		{39C6D7A0-985C-36C6-9A80-22D52C147EF8}.Release|x64.ActiveCfg = Release|x64
		{39C6D7A0-985C-36C6-9A80-22D52C147EF8}.Release|x64.Build.0 = Release|x64
		{39C6D7A0-985C-36C6-9A80-22D52C147EF8}.MinSizeRel|x64.ActiveCfg = MinSizeRel|x64
		{39C6D7A0-985C-36C6-9A80-22D52C147EF8}.MinSizeRel|x64.Build.0 = MinSizeRel|x64
		{39C6D7A0-985C-36C6-9A80-22D52C147EF8}.RelWithDebInfo|x64.ActiveCfg = RelWithDebInfo|x64
		{39C6D7A0-985C-36C6-9A80-22D52C147EF8}.RelWithDebInfo|x64.Build.0 = RelWithDebInfo|x64
		{A1072C71-2EE6-33FA-AFD9-EDCCFDC99BF3}.Debug|x64.ActiveCfg = Debug|x64
		{A1072C71-2EE6-33FA-AFD9-EDCCFDC99BF3}.Debug|x64.Build.0 = Debug|x64
		{A1072C71-2EE6-33FA-AFD9-EDCCFDC99BF3}.Release|x64.ActiveCfg = Release|x64
		{A1072C71-2EE6-33FA-AFD9-EDCCFDC99BF3}.Release|x64.Build.0 = Release|x64
		{A1072C71-2EE6-33FA-AFD9-EDCCFDC99BF3}.MinSizeRel|x64.ActiveCfg = MinSizeRel|x64
		{A1072C71-2EE6-33FA-AFD9-EDCCFDC99BF3}.MinSizeRel|x64.Build.0 = MinSizeRel|x64
		{A1072C71-2EE6-33FA-AFD9-EDCCFDC99BF3}.RelWithDebInfo|x64.ActiveCfg = RelWithDebInfo|x64
		{A1072C71-2EE6-33FA-AFD9-EDCCFDC99BF3}.RelWithDebInfo|x64.Build.0 = RelWithDebInfo|x64
		{16D15E9E-BC3C-361E-BD07-31BC0046AF27}.Debug|x64.ActiveCfg = Debug|x64
		{16D15E9E-BC3C-361E-BD07-31BC0046AF27}.Debug|x64.Build.0 = Debug|x64
		{16D15E9E-BC3C-361E-BD07-31BC0046AF27}.Release|x64.ActiveCfg = Release|x64
		{16D15E9E-BC3C-361E-BD07-31BC0046AF27}.Release|x64.Build.0 = Release|x64
		{16D15E9E-BC3C-361E-BD07-31BC0046AF27}.MinSizeRel|x64.ActiveCfg = MinSizeRel|x64
		{16D15E9E-BC3C-361E-BD07-31BC0046AF27}.MinSizeRel|x64.Build.0 = MinSizeRel|x64
		{16D15E9E-BC3C-361E-BD07-31BC0046AF27}.RelWithDebInfo|x64.ActiveCfg = RelWithDebInfo|x64
		{16D15E9E-BC3C-361E-BD07-31BC0046AF27}.RelWithDebInfo|x64.Build.0 = RelWithDebInfo|x64
	EndGlobalSection
	GlobalSection(ExtensibilityGlobals) = postSolution
		SolutionGuid = {13182E42-B016-3493-8EF3-715F8B569E40}
	EndGlobalSection
	GlobalSection(ExtensibilityAddIns) = postSolution
	EndGlobalSection
EndGlobal
